// !$*UTF8*$!
{
	archiveVersion = 1;
	classes = {
	};
	objectVersion = 56;
	objects = {

/* Begin PBXBuildFile section */
		994F6E75296BC16A00CD1C67 /* AppDelegate.swift in Sources */ = {isa = PBXBuildFile; fileRef = 994F6E74296BC16A00CD1C67 /* AppDelegate.swift */; };
		994F6E77296BC16A00CD1C67 /* SceneDelegate.swift in Sources */ = {isa = PBXBuildFile; fileRef = 994F6E76296BC16A00CD1C67 /* SceneDelegate.swift */; };
		994F6E79296BC16A00CD1C67 /* ViewController.swift in Sources */ = {isa = PBXBuildFile; fileRef = 994F6E78296BC16A00CD1C67 /* ViewController.swift */; };
		994F6E7C296BC16A00CD1C67 /* Main.storyboard in Resources */ = {isa = PBXBuildFile; fileRef = 994F6E7A296BC16A00CD1C67 /* Main.storyboard */; };
		994F6E7E296BC16B00CD1C67 /* Assets.xcassets in Resources */ = {isa = PBXBuildFile; fileRef = 994F6E7D296BC16B00CD1C67 /* Assets.xcassets */; };
		994F6E81296BC16B00CD1C67 /* LaunchScreen.storyboard in Resources */ = {isa = PBXBuildFile; fileRef = 994F6E7F296BC16B00CD1C67 /* LaunchScreen.storyboard */; };
		994F6E8C296BC16B00CD1C67 /* CarTrackTests.swift in Sources */ = {isa = PBXBuildFile; fileRef = 994F6E8B296BC16B00CD1C67 /* CarTrackTests.swift */; };
		994F6E96296BC16B00CD1C67 /* CarTrackUITests.swift in Sources */ = {isa = PBXBuildFile; fileRef = 994F6E95296BC16B00CD1C67 /* CarTrackUITests.swift */; };
		994F6E98296BC16B00CD1C67 /* CarTrackUITestsLaunchTests.swift in Sources */ = {isa = PBXBuildFile; fileRef = 994F6E97296BC16B00CD1C67 /* CarTrackUITestsLaunchTests.swift */; };
		994F6EA8296BDAF300CD1C67 /* dropdown.png in Resources */ = {isa = PBXBuildFile; fileRef = 994F6EA7296BDAF200CD1C67 /* dropdown.png */; };
/* End PBXBuildFile section */

/* Begin PBXContainerItemProxy section */
		994F6E88296BC16B00CD1C67 /* PBXContainerItemProxy */ = {
			isa = PBXContainerItemProxy;
			containerPortal = 994F6E69296BC16A00CD1C67 /* Project object */;
			proxyType = 1;
			remoteGlobalIDString = 994F6E70296BC16A00CD1C67;
			remoteInfo = CarTrack;
		};
		994F6E92296BC16B00CD1C67 /* PBXContainerItemProxy */ = {
			isa = PBXContainerItemProxy;
			containerPortal = 994F6E69296BC16A00CD1C67 /* Project object */;
			proxyType = 1;
			remoteGlobalIDString = 994F6E70296BC16A00CD1C67;
			remoteInfo = CarTrack;
		};
/* End PBXContainerItemProxy section */

/* Begin PBXFileReference section */
		994F6E71296BC16A00CD1C67 /* CarTrack.app */ = {isa = PBXFileReference; explicitFileType = wrapper.application; includeInIndex = 0; path = CarTrack.app; sourceTree = BUILT_PRODUCTS_DIR; };
		994F6E74296BC16A00CD1C67 /* AppDelegate.swift */ = {isa = PBXFileReference; lastKnownFileType = sourcecode.swift; path = AppDelegate.swift; sourceTree = "<group>"; };
		994F6E76296BC16A00CD1C67 /* SceneDelegate.swift */ = {isa = PBXFileReference; lastKnownFileType = sourcecode.swift; path = SceneDelegate.swift; sourceTree = "<group>"; };
		994F6E78296BC16A00CD1C67 /* ViewController.swift */ = {isa = PBXFileReference; lastKnownFileType = sourcecode.swift; path = ViewController.swift; sourceTree = "<group>"; };
		994F6E7B296BC16A00CD1C67 /* Base */ = {isa = PBXFileReference; lastKnownFileType = file.storyboard; name = Base; path = Base.lproj/Main.storyboard; sourceTree = "<group>"; };
		994F6E7D296BC16B00CD1C67 /* Assets.xcassets */ = {isa = PBXFileReference; lastKnownFileType = folder.assetcatalog; path = Assets.xcassets; sourceTree = "<group>"; };
		994F6E80296BC16B00CD1C67 /* Base */ = {isa = PBXFileReference; lastKnownFileType = file.storyboard; name = Base; path = Base.lproj/LaunchScreen.storyboard; sourceTree = "<group>"; };
		994F6E82296BC16B00CD1C67 /* Info.plist */ = {isa = PBXFileReference; lastKnownFileType = text.plist.xml; path = Info.plist; sourceTree = "<group>"; };
		994F6E87296BC16B00CD1C67 /* CarTrackTests.xctest */ = {isa = PBXFileReference; explicitFileType = wrapper.cfbundle; includeInIndex = 0; path = CarTrackTests.xctest; sourceTree = BUILT_PRODUCTS_DIR; };
		994F6E8B296BC16B00CD1C67 /* CarTrackTests.swift */ = {isa = PBXFileReference; lastKnownFileType = sourcecode.swift; path = CarTrackTests.swift; sourceTree = "<group>"; };
		994F6E91296BC16B00CD1C67 /* CarTrackUITests.xctest */ = {isa = PBXFileReference; explicitFileType = wrapper.cfbundle; includeInIndex = 0; path = CarTrackUITests.xctest; sourceTree = BUILT_PRODUCTS_DIR; };
		994F6E95296BC16B00CD1C67 /* CarTrackUITests.swift */ = {isa = PBXFileReference; lastKnownFileType = sourcecode.swift; path = CarTrackUITests.swift; sourceTree = "<group>"; };
		994F6E97296BC16B00CD1C67 /* CarTrackUITestsLaunchTests.swift */ = {isa = PBXFileReference; lastKnownFileType = sourcecode.swift; path = CarTrackUITestsLaunchTests.swift; sourceTree = "<group>"; };
		994F6EA7296BDAF200CD1C67 /* dropdown.png */ = {isa = PBXFileReference; lastKnownFileType = image.png; name = dropdown.png; path = ../../../../../Downloads/dropdown.png; sourceTree = "<group>"; };
/* End PBXFileReference section */

/* Begin PBXFrameworksBuildPhase section */
		994F6E6E296BC16A00CD1C67 /* Frameworks */ = {
			isa = PBXFrameworksBuildPhase;
			buildActionMask = 2147483647;
			files = (
			);
			runOnlyForDeploymentPostprocessing = 0;
		};
		994F6E84296BC16B00CD1C67 /* Frameworks */ = {
			isa = PBXFrameworksBuildPhase;
			buildActionMask = 2147483647;
			files = (
			);
			runOnlyForDeploymentPostprocessing = 0;
		};
		994F6E8E296BC16B00CD1C67 /* Frameworks */ = {
			isa = PBXFrameworksBuildPhase;
			buildActionMask = 2147483647;
			files = (
			);
			runOnlyForDeploymentPostprocessing = 0;
		};
/* End PBXFrameworksBuildPhase section */

/* Begin PBXGroup section */
		994F6E68296BC16A00CD1C67 = {
			isa = PBXGroup;
			children = (
				994F6E73296BC16A00CD1C67 /* CarTrack */,
				994F6E8A296BC16B00CD1C67 /* CarTrackTests */,
				994F6E94296BC16B00CD1C67 /* CarTrackUITests */,
				994F6E72296BC16A00CD1C67 /* Products */,
			);
			sourceTree = "<group>";
		};
		994F6E72296BC16A00CD1C67 /* Products */ = {
			isa = PBXGroup;
			children = (
				994F6E71296BC16A00CD1C67 /* CarTrack.app */,
				994F6E87296BC16B00CD1C67 /* CarTrackTests.xctest */,
				994F6E91296BC16B00CD1C67 /* CarTrackUITests.xctest */,
			);
			name = Products;
			sourceTree = "<group>";
		};
		994F6E73296BC16A00CD1C67 /* CarTrack */ = {
			isa = PBXGroup;
			children = (
				994F6EA4296BD55F00CD1C67 /* Images */,
				994F6E74296BC16A00CD1C67 /* AppDelegate.swift */,
				994F6E76296BC16A00CD1C67 /* SceneDelegate.swift */,
				994F6E78296BC16A00CD1C67 /* ViewController.swift */,
				994F6E7A296BC16A00CD1C67 /* Main.storyboard */,
				994F6E7D296BC16B00CD1C67 /* Assets.xcassets */,
				994F6E7F296BC16B00CD1C67 /* LaunchScreen.storyboard */,
				994F6E82296BC16B00CD1C67 /* Info.plist */,
			);
			path = CarTrack;
			sourceTree = "<group>";
		};
		994F6E8A296BC16B00CD1C67 /* CarTrackTests */ = {
			isa = PBXGroup;
			children = (
				994F6E8B296BC16B00CD1C67 /* CarTrackTests.swift */,
			);
			path = CarTrackTests;
			sourceTree = "<group>";
		};
		994F6E94296BC16B00CD1C67 /* CarTrackUITests */ = {
			isa = PBXGroup;
			children = (
				994F6E95296BC16B00CD1C67 /* CarTrackUITests.swift */,
				994F6E97296BC16B00CD1C67 /* CarTrackUITestsLaunchTests.swift */,
			);
			path = CarTrackUITests;
			sourceTree = "<group>";
		};
		994F6EA4296BD55F00CD1C67 /* Images */ = {
			isa = PBXGroup;
			children = (
				994F6EA7296BDAF200CD1C67 /* dropdown.png */,
			);
			path = Images;
			sourceTree = "<group>";
		};
/* End PBXGroup section */

/* Begin PBXNativeTarget section */
		994F6E70296BC16A00CD1C67 /* CarTrack */ = {
			isa = PBXNativeTarget;
			buildConfigurationList = 994F6E9B296BC16B00CD1C67 /* Build configuration list for PBXNativeTarget "CarTrack" */;
			buildPhases = (
				994F6E6D296BC16A00CD1C67 /* Sources */,
				994F6E6E296BC16A00CD1C67 /* Frameworks */,
				994F6E6F296BC16A00CD1C67 /* Resources */,
			);
			buildRules = (
			);
			dependencies = (
			);
			name = CarTrack;
			productName = CarTrack;
			productReference = 994F6E71296BC16A00CD1C67 /* CarTrack.app */;
			productType = "com.apple.product-type.application";
		};
		994F6E86296BC16B00CD1C67 /* CarTrackTests */ = {
			isa = PBXNativeTarget;
			buildConfigurationList = 994F6E9E296BC16B00CD1C67 /* Build configuration list for PBXNativeTarget "CarTrackTests" */;
			buildPhases = (
				994F6E83296BC16B00CD1C67 /* Sources */,
				994F6E84296BC16B00CD1C67 /* Frameworks */,
				994F6E85296BC16B00CD1C67 /* Resources */,
			);
			buildRules = (
			);
			dependencies = (
				994F6E89296BC16B00CD1C67 /* PBXTargetDependency */,
			);
			name = CarTrackTests;
			productName = CarTrackTests;
			productReference = 994F6E87296BC16B00CD1C67 /* CarTrackTests.xctest */;
			productType = "com.apple.product-type.bundle.unit-test";
		};
		994F6E90296BC16B00CD1C67 /* CarTrackUITests */ = {
			isa = PBXNativeTarget;
			buildConfigurationList = 994F6EA1296BC16B00CD1C67 /* Build configuration list for PBXNativeTarget "CarTrackUITests" */;
			buildPhases = (
				994F6E8D296BC16B00CD1C67 /* Sources */,
				994F6E8E296BC16B00CD1C67 /* Frameworks */,
				994F6E8F296BC16B00CD1C67 /* Resources */,
			);
			buildRules = (
			);
			dependencies = (
				994F6E93296BC16B00CD1C67 /* PBXTargetDependency */,
			);
			name = CarTrackUITests;
			productName = CarTrackUITests;
			productReference = 994F6E91296BC16B00CD1C67 /* CarTrackUITests.xctest */;
			productType = "com.apple.product-type.bundle.ui-testing";
		};
/* End PBXNativeTarget section */

/* Begin PBXProject section */
		994F6E69296BC16A00CD1C67 /* Project object */ = {
			isa = PBXProject;
			attributes = {
				BuildIndependentTargetsInParallel = 1;
				LastSwiftUpdateCheck = 1400;
				LastUpgradeCheck = 1400;
				TargetAttributes = {
					994F6E70296BC16A00CD1C67 = {
						CreatedOnToolsVersion = 14.0.1;
					};
					994F6E86296BC16B00CD1C67 = {
						CreatedOnToolsVersion = 14.0.1;
						TestTargetID = 994F6E70296BC16A00CD1C67;
					};
					994F6E90296BC16B00CD1C67 = {
						CreatedOnToolsVersion = 14.0.1;
						TestTargetID = 994F6E70296BC16A00CD1C67;
					};
				};
			};
			buildConfigurationList = 994F6E6C296BC16A00CD1C67 /* Build configuration list for PBXProject "CarTrack" */;
			compatibilityVersion = "Xcode 14.0";
			developmentRegion = en;
			hasScannedForEncodings = 0;
			knownRegions = (
				en,
				Base,
			);
			mainGroup = 994F6E68296BC16A00CD1C67;
			productRefGroup = 994F6E72296BC16A00CD1C67 /* Products */;
			projectDirPath = "";
			projectRoot = "";
			targets = (
				994F6E70296BC16A00CD1C67 /* CarTrack */,
				994F6E86296BC16B00CD1C67 /* CarTrackTests */,
				994F6E90296BC16B00CD1C67 /* CarTrackUITests */,
			);
		};
/* End PBXProject section */

/* Begin PBXResourcesBuildPhase section */
		994F6E6F296BC16A00CD1C67 /* Resources */ = {
			isa = PBXResourcesBuildPhase;
			buildActionMask = 2147483647;
			files = (
				994F6EA8296BDAF300CD1C67 /* dropdown.png in Resources */,
				994F6E81296BC16B00CD1C67 /* LaunchScreen.storyboard in Resources */,
				994F6E7E296BC16B00CD1C67 /* Assets.xcassets in Resources */,
				994F6E7C296BC16A00CD1C67 /* Main.storyboard in Resources */,
			);
			runOnlyForDeploymentPostprocessing = 0;
		};
		994F6E85296BC16B00CD1C67 /* Resources */ = {
			isa = PBXResourcesBuildPhase;
			buildActionMask = 2147483647;
			files = (
			);
			runOnlyForDeploymentPostprocessing = 0;
		};
		994F6E8F296BC16B00CD1C67 /* Resources */ = {
			isa = PBXResourcesBuildPhase;
			buildActionMask = 2147483647;
			files = (
			);
			runOnlyForDeploymentPostprocessing = 0;
		};
/* End PBXResourcesBuildPhase section */

/* Begin PBXSourcesBuildPhase section */
		994F6E6D296BC16A00CD1C67 /* Sources */ = {
			isa = PBXSourcesBuildPhase;
			buildActionMask = 2147483647;
			files = (
				994F6E79296BC16A00CD1C67 /* ViewController.swift in Sources */,
				994F6E75296BC16A00CD1C67 /* AppDelegate.swift in Sources */,
				994F6E77296BC16A00CD1C67 /* SceneDelegate.swift in Sources */,
			);
			runOnlyForDeploymentPostprocessing = 0;
		};
		994F6E83296BC16B00CD1C67 /* Sources */ = {
			isa = PBXSourcesBuildPhase;
			buildActionMask = 2147483647;
			files = (
				994F6E8C296BC16B00CD1C67 /* CarTrackTests.swift in Sources */,
			);
			runOnlyForDeploymentPostprocessing = 0;
		};
		994F6E8D296BC16B00CD1C67 /* Sources */ = {
			isa = PBXSourcesBuildPhase;
			buildActionMask = 2147483647;
			files = (
				994F6E98296BC16B00CD1C67 /* CarTrackUITestsLaunchTests.swift in Sources */,
				994F6E96296BC16B00CD1C67 /* CarTrackUITests.swift in Sources */,
			);
			runOnlyForDeploymentPostprocessing = 0;
		};
/* End PBXSourcesBuildPhase section */

/* Begin PBXTargetDependency section */
		994F6E89296BC16B00CD1C67 /* PBXTargetDependency */ = {
			isa = PBXTargetDependency;
			target = 994F6E70296BC16A00CD1C67 /* CarTrack */;
			targetProxy = 994F6E88296BC16B00CD1C67 /* PBXContainerItemProxy */;
		};
		994F6E93296BC16B00CD1C67 /* PBXTargetDependency */ = {
			isa = PBXTargetDependency;
			target = 994F6E70296BC16A00CD1C67 /* CarTrack */;
			targetProxy = 994F6E92296BC16B00CD1C67 /* PBXContainerItemProxy */;
		};
/* End PBXTargetDependency section */

/* Begin PBXVariantGroup section */
		994F6E7A296BC16A00CD1C67 /* Main.storyboard */ = {
			isa = PBXVariantGroup;
			children = (
				994F6E7B296BC16A00CD1C67 /* Base */,
			);
			name = Main.storyboard;
			sourceTree = "<group>";
		};
		994F6E7F296BC16B00CD1C67 /* LaunchScreen.storyboard */ = {
			isa = PBXVariantGroup;
			children = (
				994F6E80296BC16B00CD1C67 /* Base */,
			);
			name = LaunchScreen.storyboard;
			sourceTree = "<group>";
		};
/* End PBXVariantGroup section */

/* Begin XCBuildConfiguration section */
		994F6E99296BC16B00CD1C67 /* Debug */ = {
			isa = XCBuildConfiguration;
			buildSettings = {
				ALWAYS_SEARCH_USER_PATHS = NO;
				CLANG_ANALYZER_NONNULL = YES;
				CLANG_ANALYZER_NUMBER_OBJECT_CONVERSION = YES_AGGRESSIVE;
				CLANG_CXX_LANGUAGE_STANDARD = "gnu++20";
				CLANG_ENABLE_MODULES = YES;
				CLANG_ENABLE_OBJC_ARC = YES;
				CLANG_ENABLE_OBJC_WEAK = YES;
				CLANG_WARN_BLOCK_CAPTURE_AUTORELEASING = YES;
				CLANG_WARN_BOOL_CONVERSION = YES;
				CLANG_WARN_COMMA = YES;
				CLANG_WARN_CONSTANT_CONVERSION = YES;
				CLANG_WARN_DEPRECATED_OBJC_IMPLEMENTATIONS = YES;
				CLANG_WARN_DIRECT_OBJC_ISA_USAGE = YES_ERROR;
				CLANG_WARN_DOCUMENTATION_COMMENTS = YES;
				CLANG_WARN_EMPTY_BODY = YES;
				CLANG_WARN_ENUM_CONVERSION = YES;
				CLANG_WARN_INFINITE_RECURSION = YES;
				CLANG_WARN_INT_CONVERSION = YES;
				CLANG_WARN_NON_LITERAL_NULL_CONVERSION = YES;
				CLANG_WARN_OBJC_IMPLICIT_RETAIN_SELF = YES;
				CLANG_WARN_OBJC_LITERAL_CONVERSION = YES;
				CLANG_WARN_OBJC_ROOT_CLASS = YES_ERROR;
				CLANG_WARN_QUOTED_INCLUDE_IN_FRAMEWORK_HEADER = YES;
				CLANG_WARN_RANGE_LOOP_ANALYSIS = YES;
				CLANG_WARN_STRICT_PROTOTYPES = YES;
				CLANG_WARN_SUSPICIOUS_MOVE = YES;
				CLANG_WARN_UNGUARDED_AVAILABILITY = YES_AGGRESSIVE;
				CLANG_WARN_UNREACHABLE_CODE = YES;
				CLANG_WARN__DUPLICATE_METHOD_MATCH = YES;
				COPY_PHASE_STRIP = NO;
				DEBUG_INFORMATION_FORMAT = dwarf;
				ENABLE_STRICT_OBJC_MSGSEND = YES;
				ENABLE_TESTABILITY = YES;
				GCC_C_LANGUAGE_STANDARD = gnu11;
				GCC_DYNAMIC_NO_PIC = NO;
				GCC_NO_COMMON_BLOCKS = YES;
				GCC_OPTIMIZATION_LEVEL = 0;
				GCC_PREPROCESSOR_DEFINITIONS = (
					"DEBUG=1",
					"$(inherited)",
				);
				GCC_WARN_64_TO_32_BIT_CONVERSION = YES;
				GCC_WARN_ABOUT_RETURN_TYPE = YES_ERROR;
				GCC_WARN_UNDECLARED_SELECTOR = YES;
				GCC_WARN_UNINITIALIZED_AUTOS = YES_AGGRESSIVE;
				GCC_WARN_UNUSED_FUNCTION = YES;
				GCC_WARN_UNUSED_VARIABLE = YES;
				IPHONEOS_DEPLOYMENT_TARGET = 16.0;
				MTL_ENABLE_DEBUG_INFO = INCLUDE_SOURCE;
				MTL_FAST_MATH = YES;
				ONLY_ACTIVE_ARCH = YES;
				SDKROOT = iphoneos;
				SWIFT_ACTIVE_COMPILATION_CONDITIONS = DEBUG;
				SWIFT_OPTIMIZATION_LEVEL = "-Onone";
			};
			name = Debug;
		};
		994F6E9A296BC16B00CD1C67 /* Release */ = {
			isa = XCBuildConfiguration;
			buildSettings = {
				ALWAYS_SEARCH_USER_PATHS = NO;
				CLANG_ANALYZER_NONNULL = YES;
				CLANG_ANALYZER_NUMBER_OBJECT_CONVERSION = YES_AGGRESSIVE;
				CLANG_CXX_LANGUAGE_STANDARD = "gnu++20";
				CLANG_ENABLE_MODULES = YES;
				CLANG_ENABLE_OBJC_ARC = YES;
				CLANG_ENABLE_OBJC_WEAK = YES;
				CLANG_WARN_BLOCK_CAPTURE_AUTORELEASING = YES;
				CLANG_WARN_BOOL_CONVERSION = YES;
				CLANG_WARN_COMMA = YES;
				CLANG_WARN_CONSTANT_CONVERSION = YES;
				CLANG_WARN_DEPRECATED_OBJC_IMPLEMENTATIONS = YES;
				CLANG_WARN_DIRECT_OBJC_ISA_USAGE = YES_ERROR;
				CLANG_WARN_DOCUMENTATION_COMMENTS = YES;
				CLANG_WARN_EMPTY_BODY = YES;
				CLANG_WARN_ENUM_CONVERSION = YES;
				CLANG_WARN_INFINITE_RECURSION = YES;
				CLANG_WARN_INT_CONVERSION = YES;
				CLANG_WARN_NON_LITERAL_NULL_CONVERSION = YES;
				CLANG_WARN_OBJC_IMPLICIT_RETAIN_SELF = YES;
				CLANG_WARN_OBJC_LITERAL_CONVERSION = YES;
				CLANG_WARN_OBJC_ROOT_CLASS = YES_ERROR;
				CLANG_WARN_QUOTED_INCLUDE_IN_FRAMEWORK_HEADER = YES;
				CLANG_WARN_RANGE_LOOP_ANALYSIS = YES;
				CLANG_WARN_STRICT_PROTOTYPES = YES;
				CLANG_WARN_SUSPICIOUS_MOVE = YES;
				CLANG_WARN_UNGUARDED_AVAILABILITY = YES_AGGRESSIVE;
				CLANG_WARN_UNREACHABLE_CODE = YES;
				CLANG_WARN__DUPLICATE_METHOD_MATCH = YES;
				COPY_PHASE_STRIP = NO;
				DEBUG_INFORMATION_FORMAT = "dwarf-with-dsym";
				ENABLE_NS_ASSERTIONS = NO;
				ENABLE_STRICT_OBJC_MSGSEND = YES;
				GCC_C_LANGUAGE_STANDARD = gnu11;
				GCC_NO_COMMON_BLOCKS = YES;
				GCC_WARN_64_TO_32_BIT_CONVERSION = YES;
				GCC_WARN_ABOUT_RETURN_TYPE = YES_ERROR;
				GCC_WARN_UNDECLARED_SELECTOR = YES;
				GCC_WARN_UNINITIALIZED_AUTOS = YES_AGGRESSIVE;
				GCC_WARN_UNUSED_FUNCTION = YES;
				GCC_WARN_UNUSED_VARIABLE = YES;
				IPHONEOS_DEPLOYMENT_TARGET = 16.0;
				MTL_ENABLE_DEBUG_INFO = NO;
				MTL_FAST_MATH = YES;
				SDKROOT = iphoneos;
				SWIFT_COMPILATION_MODE = wholemodule;
				SWIFT_OPTIMIZATION_LEVEL = "-O";
				VALIDATE_PRODUCT = YES;
			};
			name = Release;
		};
		994F6E9C296BC16B00CD1C67 /* Debug */ = {
			isa = XCBuildConfiguration;
			buildSettings = {
				ASSETCATALOG_COMPILER_APPICON_NAME = AppIcon;
				ASSETCATALOG_COMPILER_GLOBAL_ACCENT_COLOR_NAME = AccentColor;
				CODE_SIGN_STYLE = Automatic;
				CURRENT_PROJECT_VERSION = 1;
				DEVELOPMENT_TEAM = 68J5EMMD8M;
				GENERATE_INFOPLIST_FILE = YES;
				INFOPLIST_FILE = CarTrack/Info.plist;
				INFOPLIST_KEY_UIApplicationSupportsIndirectInputEvents = YES;
				INFOPLIST_KEY_UILaunchStoryboardName = LaunchScreen;
				INFOPLIST_KEY_UIMainStoryboardFile = Main;
				INFOPLIST_KEY_UISupportedInterfaceOrientations_iPad = "UIInterfaceOrientationPortrait UIInterfaceOrientationPortraitUpsideDown UIInterfaceOrientationLandscapeLeft UIInterfaceOrientationLandscapeRight";
				INFOPLIST_KEY_UISupportedInterfaceOrientations_iPhone = "UIInterfaceOrientationPortrait UIInterfaceOrientationLandscapeLeft UIInterfaceOrientationLandscapeRight";
				LD_RUNPATH_SEARCH_PATHS = (
					"$(inherited)",
					"@executable_path/Frameworks",
				);
				MARKETING_VERSION = 1.0;
				PRODUCT_BUNDLE_IDENTIFIER = "Anuj-Choubey.CarTrack";
				PRODUCT_NAME = "$(TARGET_NAME)";
				SWIFT_EMIT_LOC_STRINGS = YES;
				SWIFT_VERSION = 5.0;
				TARGETED_DEVICE_FAMILY = "1,2";
			};
			name = Debug;
		};
		994F6E9D296BC16B00CD1C67 /* Release */ = {
			isa = XCBuildConfiguration;
			buildSettings = {
				ASSETCATALOG_COMPILER_APPICON_NAME = AppIcon;
				ASSETCATALOG_COMPILER_GLOBAL_ACCENT_COLOR_NAME = AccentColor;
				CODE_SIGN_STYLE = Automatic;
				CURRENT_PROJECT_VERSION = 1;
				DEVELOPMENT_TEAM = 68J5EMMD8M;
				GENERATE_INFOPLIST_FILE = YES;
				INFOPLIST_FILE = CarTrack/Info.plist;
				INFOPLIST_KEY_UIApplicationSupportsIndirectInputEvents = YES;
				INFOPLIST_KEY_UILaunchStoryboardName = LaunchScreen;
				INFOPLIST_KEY_UIMainStoryboardFile = Main;
				INFOPLIST_KEY_UISupportedInterfaceOrientations_iPad = "UIInterfaceOrientationPortrait UIInterfaceOrientationPortraitUpsideDown UIInterfaceOrientationLandscapeLeft UIInterfaceOrientationLandscapeRight";
				INFOPLIST_KEY_UISupportedInterfaceOrientations_iPhone = "UIInterfaceOrientationPortrait UIInterfaceOrientationLandscapeLeft UIInterfaceOrientationLandscapeRight";
				LD_RUNPATH_SEARCH_PATHS = (
					"$(inherited)",
					"@executable_path/Frameworks",
				);
				MARKETING_VERSION = 1.0;
				PRODUCT_BUNDLE_IDENTIFIER = "Anuj-Choubey.CarTrack";
				PRODUCT_NAME = "$(TARGET_NAME)";
				SWIFT_EMIT_LOC_STRINGS = YES;
				SWIFT_VERSION = 5.0;
				TARGETED_DEVICE_FAMILY = "1,2";
			};
			name = Release;
		};
		994F6E9F296BC16B00CD1C67 /* Debug */ = {
			isa = XCBuildConfiguration;
			buildSettings = {
				ALWAYS_EMBED_SWIFT_STANDARD_LIBRARIES = YES;
				BUNDLE_LOADER = "$(TEST_HOST)";
				CODE_SIGN_STYLE = Automatic;
				CURRENT_PROJECT_VERSION = 1;
				DEVELOPMENT_TEAM = 68J5EMMD8M;
				GENERATE_INFOPLIST_FILE = YES;
				IPHONEOS_DEPLOYMENT_TARGET = 16.0;
				MARKETING_VERSION = 1.0;
				PRODUCT_BUNDLE_IDENTIFIER = "Anuj-Choubey.CarTrackTests";
				PRODUCT_NAME = "$(TARGET_NAME)";
				SWIFT_EMIT_LOC_STRINGS = NO;
				SWIFT_VERSION = 5.0;
				TARGETED_DEVICE_FAMILY = "1,2";
				TEST_HOST = "$(BUILT_PRODUCTS_DIR)/CarTrack.app/$(BUNDLE_EXECUTABLE_FOLDER_PATH)/CarTrack";
			};
			name = Debug;
		};
		994F6EA0296BC16B00CD1C67 /* Release */ = {
			isa = XCBuildConfiguration;
			buildSettings = {
				ALWAYS_EMBED_SWIFT_STANDARD_LIBRARIES = YES;
				BUNDLE_LOADER = "$(TEST_HOST)";
				CODE_SIGN_STYLE = Automatic;
				CURRENT_PROJECT_VERSION = 1;
				DEVELOPMENT_TEAM = 68J5EMMD8M;
				GENERATE_INFOPLIST_FILE = YES;
				IPHONEOS_DEPLOYMENT_TARGET = 16.0;
				MARKETING_VERSION = 1.0;
				PRODUCT_BUNDLE_IDENTIFIER = "Anuj-Choubey.CarTrackTests";
				PRODUCT_NAME = "$(TARGET_NAME)";
				SWIFT_EMIT_LOC_STRINGS = NO;
				SWIFT_VERSION = 5.0;
				TARGETED_DEVICE_FAMILY = "1,2";
				TEST_HOST = "$(BUILT_PRODUCTS_DIR)/CarTrack.app/$(BUNDLE_EXECUTABLE_FOLDER_PATH)/CarTrack";
			};
			name = Release;
		};
		994F6EA2296BC16B00CD1C67 /* Debug */ = {
			isa = XCBuildConfiguration;
			buildSettings = {
				ALWAYS_EMBED_SWIFT_STANDARD_LIBRARIES = YES;
				CODE_SIGN_STYLE = Automatic;
				CURRENT_PROJECT_VERSION = 1;
				DEVELOPMENT_TEAM = 68J5EMMD8M;
				GENERATE_INFOPLIST_FILE = YES;
				MARKETING_VERSION = 1.0;
				PRODUCT_BUNDLE_IDENTIFIER = "Anuj-Choubey.CarTrackUITests";
				PRODUCT_NAME = "$(TARGET_NAME)";
				SWIFT_EMIT_LOC_STRINGS = NO;
				SWIFT_VERSION = 5.0;
				TARGETED_DEVICE_FAMILY = "1,2";
				TEST_TARGET_NAME = CarTrack;
			};
			name = Debug;
		};
		994F6EA3296BC16B00CD1C67 /* Release */ = {
			isa = XCBuildConfiguration;
			buildSettings = {
				ALWAYS_EMBED_SWIFT_STANDARD_LIBRARIES = YES;
				CODE_SIGN_STYLE = Automatic;
				CURRENT_PROJECT_VERSION = 1;
				DEVELOPMENT_TEAM = 68J5EMMD8M;
				GENERATE_INFOPLIST_FILE = YES;
				MARKETING_VERSION = 1.0;
				PRODUCT_BUNDLE_IDENTIFIER = "Anuj-Choubey.CarTrackUITests";
				PRODUCT_NAME = "$(TARGET_NAME)";
				SWIFT_EMIT_LOC_STRINGS = NO;
				SWIFT_VERSION = 5.0;
				TARGETED_DEVICE_FAMILY = "1,2";
				TEST_TARGET_NAME = CarTrack;
			};
			name = Release;
		};
/* End XCBuildConfiguration section */

/* Begin XCConfigurationList section */
		994F6E6C296BC16A00CD1C67 /* Build configuration list for PBXProject "CarTrack" */ = {
			isa = XCConfigurationList;
			buildConfigurations = (
				994F6E99296BC16B00CD1C67 /* Debug */,
				994F6E9A296BC16B00CD1C67 /* Release */,
			);
			defaultConfigurationIsVisible = 0;
			defaultConfigurationName = Release;
		};
		994F6E9B296BC16B00CD1C67 /* Build configuration list for PBXNativeTarget "CarTrack" */ = {
			isa = XCConfigurationList;
			buildConfigurations = (
				994F6E9C296BC16B00CD1C67 /* Debug */,
				994F6E9D296BC16B00CD1C67 /* Release */,
			);
			defaultConfigurationIsVisible = 0;
			defaultConfigurationName = Release;
		};
		994F6E9E296BC16B00CD1C67 /* Build configuration list for PBXNativeTarget "CarTrackTests" */ = {
			isa = XCConfigurationList;
			buildConfigurations = (
				994F6E9F296BC16B00CD1C67 /* Debug */,
				994F6EA0296BC16B00CD1C67 /* Release */,
			);
			defaultConfigurationIsVisible = 0;
			defaultConfigurationName = Release;
		};
		994F6EA1296BC16B00CD1C67 /* Build configuration list for PBXNativeTarget "CarTrackUITests" */ = {
			isa = XCConfigurationList;
			buildConfigurations = (
				994F6EA2296BC16B00CD1C67 /* Debug */,
				994F6EA3296BC16B00CD1C67 /* Release */,
			);
			defaultConfigurationIsVisible = 0;
			defaultConfigurationName = Release;
		};
/* End XCConfigurationList section */
	};
	rootObject = 994F6E69296BC16A00CD1C67 /* Project object */;
}
